
Microsoft Visual Studio Solution File, Format Version 12.00
# Visual Studio Version 17
VisualStudioVersion = 17.5.33516.290
MinimumVisualStudioVersion = 10.0.40219.1
Project("{FAE04EC0-301F-11D3-BF4B-00C04F79EFBC}") = "Coffee Restaurent Manager", "Coffee Restaurent Manager\Coffee Restaurent Manager.csproj", "{46B0E488-6765-4CD3-98C8-124B0BE532D9}"
EndProject
Global
	GlobalSection(SolutionConfigurationPlatforms) = preSolution
		Debug|Any CPU = Debug|Any CPU
		Release|Any CPU = Release|Any CPU
	EndGlobalSection
	GlobalSection(ProjectConfigurationPlatforms) = postSolution
		{46B0E488-6765-4CD3-98C8-124B0BE532D9}.Debug|Any CPU.ActiveCfg = Debug|Any CPU
		{46B0E488-6765-4CD3-98C8-124B0BE532D9}.Debug|Any CPU.Build.0 = Debug|Any CPU
		{46B0E488-6765-4CD3-98C8-124B0BE532D9}.Release|Any CPU.ActiveCfg = Release|Any CPU
		{46B0E488-6765-4CD3-98C8-124B0BE532D9}.Release|Any CPU.Build.0 = Release|Any CPU
	EndGlobalSection
	GlobalSection(SolutionProperties) = preSolution
		HideSolutionNode = FALSE
	EndGlobalSection
	GlobalSection(ExtensibilityGlobals) = postSolution
		SolutionGuid = {5C2F3F71-4FF7-44D8-8B62-71F73E3F072C}
	EndGlobalSection
EndGlobal
